
Microsoft Visual Studio Solution File, Format Version 12.00
# Visual Studio Version 16
VisualStudioVersion = 16.0.30011.22
MinimumVisualStudioVersion = 10.0.40219.1
Project("{FAE04EC0-301F-11D3-BF4B-00C04F79EFBC}") = "ItDepends", "ItDepends.csproj", "{7D64CA31-FD4E-4290-AC68-E38EA8E32057}"
EndProject
Global
	GlobalSection(SolutionConfigurationPlatforms) = preSolution
		Debug|Any CPU = Debug|Any CPU
		Release|Any CPU = Release|Any CPU
	EndGlobalSection
	GlobalSection(ProjectConfigurationPlatforms) = postSolution
		{7D64CA31-FD4E-4290-AC68-E38EA8E32057}.Debug|Any CPU.ActiveCfg = Debug|Any CPU
		{7D64CA31-FD4E-4290-AC68-E38EA8E32057}.Debug|Any CPU.Build.0 = Debug|Any CPU
		{7D64CA31-FD4E-4290-AC68-E38EA8E32057}.Release|Any CPU.ActiveCfg = Release|Any CPU
		{7D64CA31-FD4E-4290-AC68-E38EA8E32057}.Release|Any CPU.Build.0 = Release|Any CPU
	EndGlobalSection
	GlobalSection(SolutionProperties) = preSolution
		HideSolutionNode = FALSE
	EndGlobalSection
	GlobalSection(ExtensibilityGlobals) = postSolution
		SolutionGuid = {1A56971F-124A-4439-8D16-67817C8E5E5C}
	EndGlobalSection
EndGlobal
